{
  "R": {
    "Version": "4.2.1",
    "Repositories": [
      {
        "Name": "CRAN",
        "URL": "https://mirror.aarnet.edu.au/pub/CRAN"
      }
    ]
  },
  "Packages": {
    "TTR": {
      "Package": "TTR",
      "Version": "0.24.3",
      "Source": "Repository",
      "Repository": "CRAN",
      "Hash": "c553a7be22ec50faaebee27be54a1313",
      "Requirements": [
        "curl",
        "xts",
        "zoo"
      ]
    },
    "curl": {
      "Package": "curl",
      "Version": "5.0.0",
      "Source": "Repository",
      "Repository": "CRAN",
      "Hash": "e4f97056611e8e6b8b852d13b7400cf1",
      "Requirements": []
    },
    "lattice": {
      "Package": "lattice",
      "Version": "0.20-45",
      "Source": "Repository",
      "Repository": "CRAN",
      "Hash": "b64cdbb2b340437c4ee047a1f4c4377b",
      "Requirements": []
    },
    "quantmod": {
      "Package": "quantmod",
      "Version": "0.4.20",
      "Source": "Repository",
      "Repository": "CRAN",
      "Hash": "e8c1ef1a6bc7ea89c1801ab4994b87bb",
      "Requirements": [
        "TTR",
        "curl",
        "xts",
        "zoo"
      ]
    },
    "renv": {
      "Package": "renv",
      "Version": "0.16.0",
      "Source": "Repository",
      "Repository": "CRAN",
      "Hash": "c9e8442ab69bc21c9697ecf856c1e6c7",
      "Requirements": []
    },
    "xts": {
      "Package": "xts",
      "Version": "0.12.2",
      "Source": "Repository",
      "Repository": "CRAN",
      "Hash": "6731cbcbe2f9633865b59392aee7966d",
      "Requirements": [
        "zoo"
      ]
    },
    "zoo": {
      "Package": "zoo",
      "Version": "1.8-11",
      "Source": "Repository",
      "Repository": "CRAN",
      "Hash": "874a5b77fe0cfacf2a3450069ae70926",
      "Requirements": [
        "lattice"
      ]
    }
  }
}
